
Microsoft Visual Studio Solution File, Format Version 12.00
# Visual Studio Version 17
VisualStudioVersion = 17.1.32328.378
MinimumVisualStudioVersion = 10.0.40219.1
Project("{FAE04EC0-301F-11D3-BF4B-00C04F79EFBC}") = "TestEFAsyncWPF", "TestEFAsyncWPF.csproj", "{609CB649-039D-45F1-9661-EE712AB233FC}"
EndProject
Global
	GlobalSection(SolutionConfigurationPlatforms) = preSolution
		Debug|Any CPU = Debug|Any CPU
		Release|Any CPU = Release|Any CPU
	EndGlobalSection
	GlobalSection(ProjectConfigurationPlatforms) = postSolution
		{609CB649-039D-45F1-9661-EE712AB233FC}.Debug|Any CPU.ActiveCfg = Debug|Any CPU
		{609CB649-039D-45F1-9661-EE712AB233FC}.Debug|Any CPU.Build.0 = Debug|Any CPU
		{609CB649-039D-45F1-9661-EE712AB233FC}.Release|Any CPU.ActiveCfg = Release|Any CPU
		{609CB649-039D-45F1-9661-EE712AB233FC}.Release|Any CPU.Build.0 = Release|Any CPU
	EndGlobalSection
	GlobalSection(SolutionProperties) = preSolution
		HideSolutionNode = FALSE
	EndGlobalSection
	GlobalSection(ExtensibilityGlobals) = postSolution
		SolutionGuid = {C31B185F-02CE-49DF-A6BB-DA639E95AAB4}
	EndGlobalSection
EndGlobal
